
Microsoft Visual Studio Solution File, Format Version 12.00
# Visual Studio Version 17
VisualStudioVersion = 17.7.34024.191
MinimumVisualStudioVersion = 10.0.40219.1
Project("{9A19103F-16F7-4668-BE54-9A1E7A4F7556}") = "HumanResourcesManagement.Client", "HumanResourcesManagement\Client\HumanResourcesManagement.Client.csproj", "{744AA4A4-D0EC-49F6-A2C5-8B70BB0ED374}"
EndProject
Project("{9A19103F-16F7-4668-BE54-9A1E7A4F7556}") = "HumanResourcesManagement.Shared", "HumanResourcesManagement\Shared\HumanResourcesManagement.Shared.csproj", "{832DD969-F611-47C8-B758-59B695045A30}"
EndProject
Project("{9A19103F-16F7-4668-BE54-9A1E7A4F7556}") = "HumanResourcesManagementAPI", "HumanResourcesManagementAPI\HumanResourcesManagementAPI.csproj", "{20F29BFD-2C0D-45A0-B8D6-42E87BD3B642}"
EndProject
Global
	GlobalSection(SolutionConfigurationPlatforms) = preSolution
		Debug|Any CPU = Debug|Any CPU
		Release|Any CPU = Release|Any CPU
	EndGlobalSection
	GlobalSection(ProjectConfigurationPlatforms) = postSolution
		{744AA4A4-D0EC-49F6-A2C5-8B70BB0ED374}.Debug|Any CPU.ActiveCfg = Debug|Any CPU
		{744AA4A4-D0EC-49F6-A2C5-8B70BB0ED374}.Debug|Any CPU.Build.0 = Debug|Any CPU
		{744AA4A4-D0EC-49F6-A2C5-8B70BB0ED374}.Release|Any CPU.ActiveCfg = Release|Any CPU
		{744AA4A4-D0EC-49F6-A2C5-8B70BB0ED374}.Release|Any CPU.Build.0 = Release|Any CPU
		{832DD969-F611-47C8-B758-59B695045A30}.Debug|Any CPU.ActiveCfg = Debug|Any CPU
		{832DD969-F611-47C8-B758-59B695045A30}.Debug|Any CPU.Build.0 = Debug|Any CPU
		{832DD969-F611-47C8-B758-59B695045A30}.Release|Any CPU.ActiveCfg = Release|Any CPU
		{832DD969-F611-47C8-B758-59B695045A30}.Release|Any CPU.Build.0 = Release|Any CPU
		{20F29BFD-2C0D-45A0-B8D6-42E87BD3B642}.Debug|Any CPU.ActiveCfg = Debug|Any CPU
		{20F29BFD-2C0D-45A0-B8D6-42E87BD3B642}.Debug|Any CPU.Build.0 = Debug|Any CPU
		{20F29BFD-2C0D-45A0-B8D6-42E87BD3B642}.Release|Any CPU.ActiveCfg = Release|Any CPU
		{20F29BFD-2C0D-45A0-B8D6-42E87BD3B642}.Release|Any CPU.Build.0 = Release|Any CPU
	EndGlobalSection
	GlobalSection(SolutionProperties) = preSolution
		HideSolutionNode = FALSE
	EndGlobalSection
	GlobalSection(ExtensibilityGlobals) = postSolution
		SolutionGuid = {D205D9B9-6E7D-43AC-B1C4-919285CCE241}
	EndGlobalSection
EndGlobal
